
Microsoft Visual Studio Solution File, Format Version 12.00
# Visual Studio Version 17
VisualStudioVersion = 17.0.32014.148
MinimumVisualStudioVersion = 10.0.40219.1
Project("{FAE04EC0-301F-11D3-BF4B-00C04F79EFBC}") = "FastMeal.AccountingService", "FastMeal.AccountingService\FastMeal.AccountingService.csproj", "{605CDCCA-973A-4703-8522-8A44D1E4F798}"
EndProject
Global
	GlobalSection(SolutionConfigurationPlatforms) = preSolution
		Debug|Any CPU = Debug|Any CPU
		Release|Any CPU = Release|Any CPU
	EndGlobalSection
	GlobalSection(ProjectConfigurationPlatforms) = postSolution
		{605CDCCA-973A-4703-8522-8A44D1E4F798}.Debug|Any CPU.ActiveCfg = Debug|Any CPU
		{605CDCCA-973A-4703-8522-8A44D1E4F798}.Debug|Any CPU.Build.0 = Debug|Any CPU
		{605CDCCA-973A-4703-8522-8A44D1E4F798}.Release|Any CPU.ActiveCfg = Release|Any CPU
		{605CDCCA-973A-4703-8522-8A44D1E4F798}.Release|Any CPU.Build.0 = Release|Any CPU
	EndGlobalSection
	GlobalSection(SolutionProperties) = preSolution
		HideSolutionNode = FALSE
	EndGlobalSection
	GlobalSection(ExtensibilityGlobals) = postSolution
		SolutionGuid = {819F60A9-1B83-468F-995C-BAA315487BAF}
	EndGlobalSection
EndGlobal
