
Microsoft Visual Studio Solution File, Format Version 12.00
# Visual Studio Version 17
VisualStudioVersion = 17.0.32014.148
MinimumVisualStudioVersion = 10.0.40219.1
Project("{FAE04EC0-301F-11D3-BF4B-00C04F79EFBC}") = "FastMeal.KitchenService", "FastMeal.KitchenService\FastMeal.KitchenService.csproj", "{5F1A1984-F301-4455-8CC4-B0E60F99E1B3}"
EndProject
Global
	GlobalSection(SolutionConfigurationPlatforms) = preSolution
		Debug|Any CPU = Debug|Any CPU
		Release|Any CPU = Release|Any CPU
	EndGlobalSection
	GlobalSection(ProjectConfigurationPlatforms) = postSolution
		{5F1A1984-F301-4455-8CC4-B0E60F99E1B3}.Debug|Any CPU.ActiveCfg = Debug|Any CPU
		{5F1A1984-F301-4455-8CC4-B0E60F99E1B3}.Debug|Any CPU.Build.0 = Debug|Any CPU
		{5F1A1984-F301-4455-8CC4-B0E60F99E1B3}.Release|Any CPU.ActiveCfg = Release|Any CPU
		{5F1A1984-F301-4455-8CC4-B0E60F99E1B3}.Release|Any CPU.Build.0 = Release|Any CPU
	EndGlobalSection
	GlobalSection(SolutionProperties) = preSolution
		HideSolutionNode = FALSE
	EndGlobalSection
	GlobalSection(ExtensibilityGlobals) = postSolution
		SolutionGuid = {1E1DDA6A-4A66-4379-A48A-4B49E2D24E46}
	EndGlobalSection
EndGlobal
