
Microsoft Visual Studio Solution File, Format Version 12.00
# Visual Studio Version 17
VisualStudioVersion = 17.0.32014.148
MinimumVisualStudioVersion = 10.0.40219.1
Project("{FAE04EC0-301F-11D3-BF4B-00C04F79EFBC}") = "FastMeal.RestaurantService", "FastMeal.RestaurantService\FastMeal.RestaurantService.csproj", "{C1F548CC-1CB0-4C4E-B1B1-F3E25B4AD4D9}"
EndProject
Global
	GlobalSection(SolutionConfigurationPlatforms) = preSolution
		Debug|Any CPU = Debug|Any CPU
		Release|Any CPU = Release|Any CPU
	EndGlobalSection
	GlobalSection(ProjectConfigurationPlatforms) = postSolution
		{C1F548CC-1CB0-4C4E-B1B1-F3E25B4AD4D9}.Debug|Any CPU.ActiveCfg = Debug|Any CPU
		{C1F548CC-1CB0-4C4E-B1B1-F3E25B4AD4D9}.Debug|Any CPU.Build.0 = Debug|Any CPU
		{C1F548CC-1CB0-4C4E-B1B1-F3E25B4AD4D9}.Release|Any CPU.ActiveCfg = Release|Any CPU
		{C1F548CC-1CB0-4C4E-B1B1-F3E25B4AD4D9}.Release|Any CPU.Build.0 = Release|Any CPU
	EndGlobalSection
	GlobalSection(SolutionProperties) = preSolution
		HideSolutionNode = FALSE
	EndGlobalSection
	GlobalSection(ExtensibilityGlobals) = postSolution
		SolutionGuid = {261DBC5F-566E-44E5-9F1E-33EC7CF6E0D1}
	EndGlobalSection
EndGlobal
