
Microsoft Visual Studio Solution File, Format Version 12.00
# Visual Studio Version 17
VisualStudioVersion = 17.0.32014.148
MinimumVisualStudioVersion = 10.0.40219.1
Project("{FAE04EC0-301F-11D3-BF4B-00C04F79EFBC}") = "FastMeal.DeliveryService", "FastMeal.DeliveryService\FastMeal.DeliveryService.csproj", "{3BB94C5E-C440-47EA-936D-255AFB439B09}"
EndProject
Global
	GlobalSection(SolutionConfigurationPlatforms) = preSolution
		Debug|Any CPU = Debug|Any CPU
		Release|Any CPU = Release|Any CPU
	EndGlobalSection
	GlobalSection(ProjectConfigurationPlatforms) = postSolution
		{3BB94C5E-C440-47EA-936D-255AFB439B09}.Debug|Any CPU.ActiveCfg = Debug|Any CPU
		{3BB94C5E-C440-47EA-936D-255AFB439B09}.Debug|Any CPU.Build.0 = Debug|Any CPU
		{3BB94C5E-C440-47EA-936D-255AFB439B09}.Release|Any CPU.ActiveCfg = Release|Any CPU
		{3BB94C5E-C440-47EA-936D-255AFB439B09}.Release|Any CPU.Build.0 = Release|Any CPU
	EndGlobalSection
	GlobalSection(SolutionProperties) = preSolution
		HideSolutionNode = FALSE
	EndGlobalSection
	GlobalSection(ExtensibilityGlobals) = postSolution
		SolutionGuid = {7B57B76D-83C0-4B51-BE5A-DE85E0581F6F}
	EndGlobalSection
EndGlobal
